
Microsoft Visual Studio Solution File, Format Version 12.00
# Visual Studio 15
VisualStudioVersion = 15.0.28307.438
MinimumVisualStudioVersion = 10.0.40219.1
Project("{FAE04EC0-301F-11D3-BF4B-00C04F79EFBC}") = "ProjetRestSharp", "ProjetRestSharp\ProjetRestSharp.csproj", "{ADB131D8-F0A0-470C-A39D-3180E3A55C59}"
EndProject
Project("{FAE04EC0-301F-11D3-BF4B-00C04F79EFBC}") = "TestProjetRestSharp", "TestProjetRestSharp\TestProjetRestSharp.csproj", "{A2507F46-8836-43FB-B6F2-9635E9214805}"
EndProject
Project("{FAE04EC0-301F-11D3-BF4B-00C04F79EFBC}") = "ConsoleProjetRestSharp", "ConsoleProjetRestSharp\ConsoleProjetRestSharp.csproj", "{7416908D-D97B-48DB-8122-6DE30C20943E}"
EndProject
Global
	GlobalSection(SolutionConfigurationPlatforms) = preSolution
		Debug|Any CPU = Debug|Any CPU
		Release|Any CPU = Release|Any CPU
	EndGlobalSection
	GlobalSection(ProjectConfigurationPlatforms) = postSolution
		{ADB131D8-F0A0-470C-A39D-3180E3A55C59}.Debug|Any CPU.ActiveCfg = Debug|Any CPU
		{ADB131D8-F0A0-470C-A39D-3180E3A55C59}.Debug|Any CPU.Build.0 = Debug|Any CPU
		{ADB131D8-F0A0-470C-A39D-3180E3A55C59}.Release|Any CPU.ActiveCfg = Release|Any CPU
		{ADB131D8-F0A0-470C-A39D-3180E3A55C59}.Release|Any CPU.Build.0 = Release|Any CPU
		{A2507F46-8836-43FB-B6F2-9635E9214805}.Debug|Any CPU.ActiveCfg = Debug|Any CPU
		{A2507F46-8836-43FB-B6F2-9635E9214805}.Debug|Any CPU.Build.0 = Debug|Any CPU
		{A2507F46-8836-43FB-B6F2-9635E9214805}.Release|Any CPU.ActiveCfg = Release|Any CPU
		{A2507F46-8836-43FB-B6F2-9635E9214805}.Release|Any CPU.Build.0 = Release|Any CPU
		{7416908D-D97B-48DB-8122-6DE30C20943E}.Debug|Any CPU.ActiveCfg = Debug|Any CPU
		{7416908D-D97B-48DB-8122-6DE30C20943E}.Debug|Any CPU.Build.0 = Debug|Any CPU
		{7416908D-D97B-48DB-8122-6DE30C20943E}.Release|Any CPU.ActiveCfg = Release|Any CPU
		{7416908D-D97B-48DB-8122-6DE30C20943E}.Release|Any CPU.Build.0 = Release|Any CPU
	EndGlobalSection
	GlobalSection(SolutionProperties) = preSolution
		HideSolutionNode = FALSE
	EndGlobalSection
	GlobalSection(ExtensibilityGlobals) = postSolution
		SolutionGuid = {11AD1F59-D2EF-411C-8346-395D6B71F4F3}
	EndGlobalSection
EndGlobal
